
Microsoft Visual Studio Solution File, Format Version 12.00
# Visual Studio Version 17
VisualStudioVersion = 17.9.34728.123
MinimumVisualStudioVersion = 10.0.40219.1
Project("{FAE04EC0-301F-11D3-BF4B-00C04F79EFBC}") = "LibraryFund", "LibraryFund\LibraryFund.csproj", "{9C939407-DE24-4CC3-8C02-BD24502223B7}"
EndProject
Global
	GlobalSection(SolutionConfigurationPlatforms) = preSolution
		Debug|Any CPU = Debug|Any CPU
		Release|Any CPU = Release|Any CPU
	EndGlobalSection
	GlobalSection(ProjectConfigurationPlatforms) = postSolution
		{9C939407-DE24-4CC3-8C02-BD24502223B7}.Debug|Any CPU.ActiveCfg = Debug|Any CPU
		{9C939407-DE24-4CC3-8C02-BD24502223B7}.Debug|Any CPU.Build.0 = Debug|Any CPU
		{9C939407-DE24-4CC3-8C02-BD24502223B7}.Release|Any CPU.ActiveCfg = Release|Any CPU
		{9C939407-DE24-4CC3-8C02-BD24502223B7}.Release|Any CPU.Build.0 = Release|Any CPU
	EndGlobalSection
	GlobalSection(SolutionProperties) = preSolution
		HideSolutionNode = FALSE
	EndGlobalSection
	GlobalSection(ExtensibilityGlobals) = postSolution
		SolutionGuid = {1BB349B9-8259-469B-8E2E-42F08C3DD872}
	EndGlobalSection
EndGlobal
